// !$*UTF8*$!
{
	archiveVersion = 1;
	classes = {
	};
	objectVersion = 46;
	objects = {

/* Begin PBXBuildFile section */
		ADC0409E1DF877790049084E /* AppDelegate.swift in Sources */ = {isa = PBXBuildFile; fileRef = ADC0409D1DF877790049084E /* AppDelegate.swift */; };
		ADC040A01DF877790049084E /* ViewController.swift in Sources */ = {isa = PBXBuildFile; fileRef = ADC0409F1DF877790049084E /* ViewController.swift */; };
		ADC040A31DF877790049084E /* Main.storyboard in Resources */ = {isa = PBXBuildFile; fileRef = ADC040A11DF877790049084E /* Main.storyboard */; };
		ADC040A51DF877790049084E /* Assets.xcassets in Resources */ = {isa = PBXBuildFile; fileRef = ADC040A41DF877790049084E /* Assets.xcassets */; };
		ADC040A81DF877790049084E /* LaunchScreen.storyboard in Resources */ = {isa = PBXBuildFile; fileRef = ADC040A61DF877790049084E /* LaunchScreen.storyboard */; };
		ADC040B31DF8777A0049084E /* Xcode_Git_HackwitchTests.swift in Sources */ = {isa = PBXBuildFile; fileRef = ADC040B21DF8777A0049084E /* Xcode_Git_HackwitchTests.swift */; };
		ADC040BE1DF8777A0049084E /* Xcode_Git_HackwitchUITests.swift in Sources */ = {isa = PBXBuildFile; fileRef = ADC040BD1DF8777A0049084E /* Xcode_Git_HackwitchUITests.swift */; };
/* End PBXBuildFile section */

/* Begin PBXContainerItemProxy section */
		ADC040AF1DF877790049084E /* PBXContainerItemProxy */ = {
			isa = PBXContainerItemProxy;
			containerPortal = ADC040921DF877790049084E /* Project object */;
			proxyType = 1;
			remoteGlobalIDString = ADC040991DF877790049084E;
			remoteInfo = "Xcode Git Hackwitch";
		};
		ADC040BA1DF8777A0049084E /* PBXContainerItemProxy */ = {
			isa = PBXContainerItemProxy;
			containerPortal = ADC040921DF877790049084E /* Project object */;
			proxyType = 1;
			remoteGlobalIDString = ADC040991DF877790049084E;
			remoteInfo = "Xcode Git Hackwitch";
		};
/* End PBXContainerItemProxy section */

/* Begin PBXFileReference section */
		ADC0409A1DF877790049084E /* Xcode Git Hackwitch.app */ = {isa = PBXFileReference; explicitFileType = wrapper.application; includeInIndex = 0; path = "Xcode Git Hackwitch.app"; sourceTree = BUILT_PRODUCTS_DIR; };
		ADC0409D1DF877790049084E /* AppDelegate.swift */ = {isa = PBXFileReference; lastKnownFileType = sourcecode.swift; path = AppDelegate.swift; sourceTree = "<group>"; };
		ADC0409F1DF877790049084E /* ViewController.swift */ = {isa = PBXFileReference; lastKnownFileType = sourcecode.swift; path = ViewController.swift; sourceTree = "<group>"; };
		ADC040A21DF877790049084E /* Base */ = {isa = PBXFileReference; lastKnownFileType = file.storyboard; name = Base; path = Base.lproj/Main.storyboard; sourceTree = "<group>"; };
		ADC040A41DF877790049084E /* Assets.xcassets */ = {isa = PBXFileReference; lastKnownFileType = folder.assetcatalog; path = Assets.xcassets; sourceTree = "<group>"; };
		ADC040A71DF877790049084E /* Base */ = {isa = PBXFileReference; lastKnownFileType = file.storyboard; name = Base; path = Base.lproj/LaunchScreen.storyboard; sourceTree = "<group>"; };
		ADC040A91DF877790049084E /* Info.plist */ = {isa = PBXFileReference; lastKnownFileType = text.plist.xml; path = Info.plist; sourceTree = "<group>"; };
		ADC040AE1DF877790049084E /* Xcode Git HackwitchTests.xctest */ = {isa = PBXFileReference; explicitFileType = wrapper.cfbundle; includeInIndex = 0; path = "Xcode Git HackwitchTests.xctest"; sourceTree = BUILT_PRODUCTS_DIR; };
		ADC040B21DF8777A0049084E /* Xcode_Git_HackwitchTests.swift */ = {isa = PBXFileReference; lastKnownFileType = sourcecode.swift; path = Xcode_Git_HackwitchTests.swift; sourceTree = "<group>"; };
		ADC040B41DF8777A0049084E /* Info.plist */ = {isa = PBXFileReference; lastKnownFileType = text.plist.xml; path = Info.plist; sourceTree = "<group>"; };
		ADC040B91DF8777A0049084E /* Xcode Git HackwitchUITests.xctest */ = {isa = PBXFileReference; explicitFileType = wrapper.cfbundle; includeInIndex = 0; path = "Xcode Git HackwitchUITests.xctest"; sourceTree = BUILT_PRODUCTS_DIR; };
		ADC040BD1DF8777A0049084E /* Xcode_Git_HackwitchUITests.swift */ = {isa = PBXFileReference; lastKnownFileType = sourcecode.swift; path = Xcode_Git_HackwitchUITests.swift; sourceTree = "<group>"; };
		ADC040BF1DF8777A0049084E /* Info.plist */ = {isa = PBXFileReference; lastKnownFileType = text.plist.xml; path = Info.plist; sourceTree = "<group>"; };
/* End PBXFileReference section */

/* Begin PBXFrameworksBuildPhase section */
		ADC040971DF877790049084E /* Frameworks */ = {
			isa = PBXFrameworksBuildPhase;
			buildActionMask = 2147483647;
			files = (
			);
			runOnlyForDeploymentPostprocessing = 0;
		};
		ADC040AB1DF877790049084E /* Frameworks */ = {
			isa = PBXFrameworksBuildPhase;
			buildActionMask = 2147483647;
			files = (
			);
			runOnlyForDeploymentPostprocessing = 0;
		};
		ADC040B61DF8777A0049084E /* Frameworks */ = {
			isa = PBXFrameworksBuildPhase;
			buildActionMask = 2147483647;
			files = (
			);
			runOnlyForDeploymentPostprocessing = 0;
		};
/* End PBXFrameworksBuildPhase section */

/* Begin PBXGroup section */
		ADC040911DF877790049084E = {
			isa = PBXGroup;
			children = (
				ADC0409C1DF877790049084E /* Xcode Git Hackwitch */,
				ADC040B11DF8777A0049084E /* Xcode Git HackwitchTests */,
				ADC040BC1DF8777A0049084E /* Xcode Git HackwitchUITests */,
				ADC0409B1DF877790049084E /* Products */,
			);
			sourceTree = "<group>";
		};
		ADC0409B1DF877790049084E /* Products */ = {
			isa = PBXGroup;
			children = (
				ADC0409A1DF877790049084E /* Xcode Git Hackwitch.app */,
				ADC040AE1DF877790049084E /* Xcode Git HackwitchTests.xctest */,
				ADC040B91DF8777A0049084E /* Xcode Git HackwitchUITests.xctest */,
			);
			name = Products;
			sourceTree = "<group>";
		};
		ADC0409C1DF877790049084E /* Xcode Git Hackwitch */ = {
			isa = PBXGroup;
			children = (
				ADC0409D1DF877790049084E /* AppDelegate.swift */,
				ADC0409F1DF877790049084E /* ViewController.swift */,
				ADC040A11DF877790049084E /* Main.storyboard */,
				ADC040A41DF877790049084E /* Assets.xcassets */,
				ADC040A61DF877790049084E /* LaunchScreen.storyboard */,
				ADC040A91DF877790049084E /* Info.plist */,
			);
			path = "Xcode Git Hackwitch";
			sourceTree = "<group>";
		};
		ADC040B11DF8777A0049084E /* Xcode Git HackwitchTests */ = {
			isa = PBXGroup;
			children = (
				ADC040B21DF8777A0049084E /* Xcode_Git_HackwitchTests.swift */,
				ADC040B41DF8777A0049084E /* Info.plist */,
			);
			path = "Xcode Git HackwitchTests";
			sourceTree = "<group>";
		};
		ADC040BC1DF8777A0049084E /* Xcode Git HackwitchUITests */ = {
			isa = PBXGroup;
			children = (
				ADC040BD1DF8777A0049084E /* Xcode_Git_HackwitchUITests.swift */,
				ADC040BF1DF8777A0049084E /* Info.plist */,
			);
			path = "Xcode Git HackwitchUITests";
			sourceTree = "<group>";
		};
/* End PBXGroup section */

/* Begin PBXNativeTarget section */
		ADC040991DF877790049084E /* Xcode Git Hackwitch */ = {
			isa = PBXNativeTarget;
			buildConfigurationList = ADC040C21DF8777A0049084E /* Build configuration list for PBXNativeTarget "Xcode Git Hackwitch" */;
			buildPhases = (
				ADC040961DF877790049084E /* Sources */,
				ADC040971DF877790049084E /* Frameworks */,
				ADC040981DF877790049084E /* Resources */,
			);
			buildRules = (
			);
			dependencies = (
			);
			name = "Xcode Git Hackwitch";
			productName = "Xcode Git Hackwitch";
			productReference = ADC0409A1DF877790049084E /* Xcode Git Hackwitch.app */;
			productType = "com.apple.product-type.application";
		};
		ADC040AD1DF877790049084E /* Xcode Git HackwitchTests */ = {
			isa = PBXNativeTarget;
			buildConfigurationList = ADC040C51DF8777A0049084E /* Build configuration list for PBXNativeTarget "Xcode Git HackwitchTests" */;
			buildPhases = (
				ADC040AA1DF877790049084E /* Sources */,
				ADC040AB1DF877790049084E /* Frameworks */,
				ADC040AC1DF877790049084E /* Resources */,
			);
			buildRules = (
			);
			dependencies = (
				ADC040B01DF877790049084E /* PBXTargetDependency */,
			);
			name = "Xcode Git HackwitchTests";
			productName = "Xcode Git HackwitchTests";
			productReference = ADC040AE1DF877790049084E /* Xcode Git HackwitchTests.xctest */;
			productType = "com.apple.product-type.bundle.unit-test";
		};
		ADC040B81DF8777A0049084E /* Xcode Git HackwitchUITests */ = {
			isa = PBXNativeTarget;
			buildConfigurationList = ADC040C81DF8777A0049084E /* Build configuration list for PBXNativeTarget "Xcode Git HackwitchUITests" */;
			buildPhases = (
				ADC040B51DF8777A0049084E /* Sources */,
				ADC040B61DF8777A0049084E /* Frameworks */,
				ADC040B71DF8777A0049084E /* Resources */,
			);
			buildRules = (
			);
			dependencies = (
				ADC040BB1DF8777A0049084E /* PBXTargetDependency */,
			);
			name = "Xcode Git HackwitchUITests";
			productName = "Xcode Git HackwitchUITests";
			productReference = ADC040B91DF8777A0049084E /* Xcode Git HackwitchUITests.xctest */;
			productType = "com.apple.product-type.bundle.ui-testing";
		};
/* End PBXNativeTarget section */

/* Begin PBXProject section */
		ADC040921DF877790049084E /* Project object */ = {
			isa = PBXProject;
			attributes = {
				LastSwiftUpdateCheck = 0820;
				LastUpgradeCheck = 0820;
				ORGANIZATIONNAME = "Sage Hawk";
				TargetAttributes = {
					ADC040991DF877790049084E = {
						CreatedOnToolsVersion = 8.2;
						DevelopmentTeam = C4ZZEB2ZTS;
						ProvisioningStyle = Automatic;
					};
					ADC040AD1DF877790049084E = {
						CreatedOnToolsVersion = 8.2;
						DevelopmentTeam = C4ZZEB2ZTS;
						ProvisioningStyle = Automatic;
						TestTargetID = ADC040991DF877790049084E;
					};
					ADC040B81DF8777A0049084E = {
						CreatedOnToolsVersion = 8.2;
						DevelopmentTeam = C4ZZEB2ZTS;
						ProvisioningStyle = Automatic;
						TestTargetID = ADC040991DF877790049084E;
					};
				};
			};
			buildConfigurationList = ADC040951DF877790049084E /* Build configuration list for PBXProject "Xcode Git Hackwitch" */;
			compatibilityVersion = "Xcode 3.2";
			developmentRegion = English;
			hasScannedForEncodings = 0;
			knownRegions = (
				en,
				Base,
			);
			mainGroup = ADC040911DF877790049084E;
			productRefGroup = ADC0409B1DF877790049084E /* Products */;
			projectDirPath = "";
			projectRoot = "";
			targets = (
				ADC040991DF877790049084E /* Xcode Git Hackwitch */,
				ADC040AD1DF877790049084E /* Xcode Git HackwitchTests */,
				ADC040B81DF8777A0049084E /* Xcode Git HackwitchUITests */,
			);
		};
/* End PBXProject section */

/* Begin PBXResourcesBuildPhase section */
		ADC040981DF877790049084E /* Resources */ = {
			isa = PBXResourcesBuildPhase;
			buildActionMask = 2147483647;
			files = (
				ADC040A81DF877790049084E /* LaunchScreen.storyboard in Resources */,
				ADC040A51DF877790049084E /* Assets.xcassets in Resources */,
				ADC040A31DF877790049084E /* Main.storyboard in Resources */,
			);
			runOnlyForDeploymentPostprocessing = 0;
		};
		ADC040AC1DF877790049084E /* Resources */ = {
			isa = PBXResourcesBuildPhase;
			buildActionMask = 2147483647;
			files = (
			);
			runOnlyForDeploymentPostprocessing = 0;
		};
		ADC040B71DF8777A0049084E /* Resources */ = {
			isa = PBXResourcesBuildPhase;
			buildActionMask = 2147483647;
			files = (
			);
			runOnlyForDeploymentPostprocessing = 0;
		};
/* End PBXResourcesBuildPhase section */

/* Begin PBXSourcesBuildPhase section */
		ADC040961DF877790049084E /* Sources */ = {
			isa = PBXSourcesBuildPhase;
			buildActionMask = 2147483647;
			files = (
				ADC040A01DF877790049084E /* ViewController.swift in Sources */,
				ADC0409E1DF877790049084E /* AppDelegate.swift in Sources */,
			);
			runOnlyForDeploymentPostprocessing = 0;
		};
		ADC040AA1DF877790049084E /* Sources */ = {
			isa = PBXSourcesBuildPhase;
			buildActionMask = 2147483647;
			files = (
				ADC040B31DF8777A0049084E /* Xcode_Git_HackwitchTests.swift in Sources */,
			);
			runOnlyForDeploymentPostprocessing = 0;
		};
		ADC040B51DF8777A0049084E /* Sources */ = {
			isa = PBXSourcesBuildPhase;
			buildActionMask = 2147483647;
			files = (
				ADC040BE1DF8777A0049084E /* Xcode_Git_HackwitchUITests.swift in Sources */,
			);
			runOnlyForDeploymentPostprocessing = 0;
		};
/* End PBXSourcesBuildPhase section */

/* Begin PBXTargetDependency section */
		ADC040B01DF877790049084E /* PBXTargetDependency */ = {
			isa = PBXTargetDependency;
			target = ADC040991DF877790049084E /* Xcode Git Hackwitch */;
			targetProxy = ADC040AF1DF877790049084E /* PBXContainerItemProxy */;
		};
		ADC040BB1DF8777A0049084E /* PBXTargetDependency */ = {
			isa = PBXTargetDependency;
			target = ADC040991DF877790049084E /* Xcode Git Hackwitch */;
			targetProxy = ADC040BA1DF8777A0049084E /* PBXContainerItemProxy */;
		};
/* End PBXTargetDependency section */

/* Begin PBXVariantGroup section */
		ADC040A11DF877790049084E /* Main.storyboard */ = {
			isa = PBXVariantGroup;
			children = (
				ADC040A21DF877790049084E /* Base */,
			);
			name = Main.storyboard;
			sourceTree = "<group>";
		};
		ADC040A61DF877790049084E /* LaunchScreen.storyboard */ = {
			isa = PBXVariantGroup;
			children = (
				ADC040A71DF877790049084E /* Base */,
			);
			name = LaunchScreen.storyboard;
			sourceTree = "<group>";
		};
/* End PBXVariantGroup section */

/* Begin XCBuildConfiguration section */
		ADC040C01DF8777A0049084E /* Debug */ = {
			isa = XCBuildConfiguration;
			buildSettings = {
				ALWAYS_SEARCH_USER_PATHS = NO;
				CLANG_ANALYZER_NONNULL = YES;
				CLANG_CXX_LANGUAGE_STANDARD = "gnu++0x";
				CLANG_CXX_LIBRARY = "libc++";
				CLANG_ENABLE_MODULES = YES;
				CLANG_ENABLE_OBJC_ARC = YES;
				CLANG_WARN_BOOL_CONVERSION = YES;
				CLANG_WARN_CONSTANT_CONVERSION = YES;
				CLANG_WARN_DIRECT_OBJC_ISA_USAGE = YES_ERROR;
				CLANG_WARN_DOCUMENTATION_COMMENTS = YES;
				CLANG_WARN_EMPTY_BODY = YES;
				CLANG_WARN_ENUM_CONVERSION = YES;
				CLANG_WARN_INFINITE_RECURSION = YES;
				CLANG_WARN_INT_CONVERSION = YES;
				CLANG_WARN_OBJC_ROOT_CLASS = YES_ERROR;
				CLANG_WARN_SUSPICIOUS_MOVE = YES;
				CLANG_WARN_UNREACHABLE_CODE = YES;
				CLANG_WARN__DUPLICATE_METHOD_MATCH = YES;
				"CODE_SIGN_IDENTITY[sdk=iphoneos*]" = "iPhone Developer";
				COPY_PHASE_STRIP = NO;
				DEBUG_INFORMATION_FORMAT = dwarf;
				ENABLE_STRICT_OBJC_MSGSEND = YES;
				ENABLE_TESTABILITY = YES;
				GCC_C_LANGUAGE_STANDARD = gnu99;
				GCC_DYNAMIC_NO_PIC = NO;
				GCC_NO_COMMON_BLOCKS = YES;
				GCC_OPTIMIZATION_LEVEL = 0;
				GCC_PREPROCESSOR_DEFINITIONS = (
					"DEBUG=1",
					"$(inherited)",
				);
				GCC_WARN_64_TO_32_BIT_CONVERSION = YES;
				GCC_WARN_ABOUT_RETURN_TYPE = YES_ERROR;
				GCC_WARN_UNDECLARED_SELECTOR = YES;
				GCC_WARN_UNINITIALIZED_AUTOS = YES_AGGRESSIVE;
				GCC_WARN_UNUSED_FUNCTION = YES;
				GCC_WARN_UNUSED_VARIABLE = YES;
				IPHONEOS_DEPLOYMENT_TARGET = 10.2;
				MTL_ENABLE_DEBUG_INFO = YES;
				ONLY_ACTIVE_ARCH = YES;
				SDKROOT = iphoneos;
				SWIFT_ACTIVE_COMPILATION_CONDITIONS = DEBUG;
				SWIFT_OPTIMIZATION_LEVEL = "-Onone";
				TARGETED_DEVICE_FAMILY = "1,2";
			};
			name = Debug;
		};
		ADC040C11DF8777A0049084E /* Release */ = {
			isa = XCBuildConfiguration;
			buildSettings = {
				ALWAYS_SEARCH_USER_PATHS = NO;
				CLANG_ANALYZER_NONNULL = YES;
				CLANG_CXX_LANGUAGE_STANDARD = "gnu++0x";
				CLANG_CXX_LIBRARY = "libc++";
				CLANG_ENABLE_MODULES = YES;
				CLANG_ENABLE_OBJC_ARC = YES;
				CLANG_WARN_BOOL_CONVERSION = YES;
				CLANG_WARN_CONSTANT_CONVERSION = YES;
				CLANG_WARN_DIRECT_OBJC_ISA_USAGE = YES_ERROR;
				CLANG_WARN_DOCUMENTATION_COMMENTS = YES;
				CLANG_WARN_EMPTY_BODY = YES;
				CLANG_WARN_ENUM_CONVERSION = YES;
				CLANG_WARN_INFINITE_RECURSION = YES;
				CLANG_WARN_INT_CONVERSION = YES;
				CLANG_WARN_OBJC_ROOT_CLASS = YES_ERROR;
				CLANG_WARN_SUSPICIOUS_MOVE = YES;
				CLANG_WARN_UNREACHABLE_CODE = YES;
				CLANG_WARN__DUPLICATE_METHOD_MATCH = YES;
				"CODE_SIGN_IDENTITY[sdk=iphoneos*]" = "iPhone Developer";
				COPY_PHASE_STRIP = NO;
				DEBUG_INFORMATION_FORMAT = "dwarf-with-dsym";
				ENABLE_NS_ASSERTIONS = NO;
				ENABLE_STRICT_OBJC_MSGSEND = YES;
				GCC_C_LANGUAGE_STANDARD = gnu99;
				GCC_NO_COMMON_BLOCKS = YES;
				GCC_WARN_64_TO_32_BIT_CONVERSION = YES;
				GCC_WARN_ABOUT_RETURN_TYPE = YES_ERROR;
				GCC_WARN_UNDECLARED_SELECTOR = YES;
				GCC_WARN_UNINITIALIZED_AUTOS = YES_AGGRESSIVE;
				GCC_WARN_UNUSED_FUNCTION = YES;
				GCC_WARN_UNUSED_VARIABLE = YES;
				IPHONEOS_DEPLOYMENT_TARGET = 10.2;
				MTL_ENABLE_DEBUG_INFO = NO;
				SDKROOT = iphoneos;
				SWIFT_OPTIMIZATION_LEVEL = "-Owholemodule";
				TARGETED_DEVICE_FAMILY = "1,2";
				VALIDATE_PRODUCT = YES;
			};
			name = Release;
		};
		ADC040C31DF8777A0049084E /* Debug */ = {
			isa = XCBuildConfiguration;
			buildSettings = {
				ASSETCATALOG_COMPILER_APPICON_NAME = AppIcon;
				DEVELOPMENT_TEAM = C4ZZEB2ZTS;
				INFOPLIST_FILE = "Xcode Git Hackwitch/Info.plist";
				LD_RUNPATH_SEARCH_PATHS = "$(inherited) @executable_path/Frameworks";
				PRODUCT_BUNDLE_IDENTIFIER = "Before-the-Beginning.Xcode-Git-Hackwitch";
				PRODUCT_NAME = "$(TARGET_NAME)";
				SWIFT_VERSION = 3.0;
			};
			name = Debug;
		};
		ADC040C41DF8777A0049084E /* Release */ = {
			isa = XCBuildConfiguration;
			buildSettings = {
				ASSETCATALOG_COMPILER_APPICON_NAME = AppIcon;
				DEVELOPMENT_TEAM = C4ZZEB2ZTS;
				INFOPLIST_FILE = "Xcode Git Hackwitch/Info.plist";
				LD_RUNPATH_SEARCH_PATHS = "$(inherited) @executable_path/Frameworks";
				PRODUCT_BUNDLE_IDENTIFIER = "Before-the-Beginning.Xcode-Git-Hackwitch";
				PRODUCT_NAME = "$(TARGET_NAME)";
				SWIFT_VERSION = 3.0;
			};
			name = Release;
		};
		ADC040C61DF8777A0049084E /* Debug */ = {
			isa = XCBuildConfiguration;
			buildSettings = {
				ALWAYS_EMBED_SWIFT_STANDARD_LIBRARIES = YES;
				BUNDLE_LOADER = "$(TEST_HOST)";
				DEVELOPMENT_TEAM = C4ZZEB2ZTS;
				INFOPLIST_FILE = "Xcode Git HackwitchTests/Info.plist";
				LD_RUNPATH_SEARCH_PATHS = "$(inherited) @executable_path/Frameworks @loader_path/Frameworks";
				PRODUCT_BUNDLE_IDENTIFIER = "Before-the-Beginning.Xcode-Git-HackwitchTests";
				PRODUCT_NAME = "$(TARGET_NAME)";
				SWIFT_VERSION = 3.0;
				TEST_HOST = "$(BUILT_PRODUCTS_DIR)/Xcode Git Hackwitch.app/Xcode Git Hackwitch";
			};
			name = Debug;
		};
		ADC040C71DF8777A0049084E /* Release */ = {
			isa = XCBuildConfiguration;
			buildSettings = {
				ALWAYS_EMBED_SWIFT_STANDARD_LIBRARIES = YES;
				BUNDLE_LOADER = "$(TEST_HOST)";
				DEVELOPMENT_TEAM = C4ZZEB2ZTS;
				INFOPLIST_FILE = "Xcode Git HackwitchTests/Info.plist";
				LD_RUNPATH_SEARCH_PATHS = "$(inherited) @executable_path/Frameworks @loader_path/Frameworks";
				PRODUCT_BUNDLE_IDENTIFIER = "Before-the-Beginning.Xcode-Git-HackwitchTests";
				PRODUCT_NAME = "$(TARGET_NAME)";
				SWIFT_VERSION = 3.0;
				TEST_HOST = "$(BUILT_PRODUCTS_DIR)/Xcode Git Hackwitch.app/Xcode Git Hackwitch";
			};
			name = Release;
		};
		ADC040C91DF8777A0049084E /* Debug */ = {
			isa = XCBuildConfiguration;
			buildSettings = {
				ALWAYS_EMBED_SWIFT_STANDARD_LIBRARIES = YES;
				DEVELOPMENT_TEAM = C4ZZEB2ZTS;
				INFOPLIST_FILE = "Xcode Git HackwitchUITests/Info.plist";
				LD_RUNPATH_SEARCH_PATHS = "$(inherited) @executable_path/Frameworks @loader_path/Frameworks";
				PRODUCT_BUNDLE_IDENTIFIER = "Before-the-Beginning.Xcode-Git-HackwitchUITests";
				PRODUCT_NAME = "$(TARGET_NAME)";
				SWIFT_VERSION = 3.0;
				TEST_TARGET_NAME = "Xcode Git Hackwitch";
			};
			name = Debug;
		};
		ADC040CA1DF8777A0049084E /* Release */ = {
			isa = XCBuildConfiguration;
			buildSettings = {
				ALWAYS_EMBED_SWIFT_STANDARD_LIBRARIES = YES;
				DEVELOPMENT_TEAM = C4ZZEB2ZTS;
				INFOPLIST_FILE = "Xcode Git HackwitchUITests/Info.plist";
				LD_RUNPATH_SEARCH_PATHS = "$(inherited) @executable_path/Frameworks @loader_path/Frameworks";
				PRODUCT_BUNDLE_IDENTIFIER = "Before-the-Beginning.Xcode-Git-HackwitchUITests";
				PRODUCT_NAME = "$(TARGET_NAME)";
				SWIFT_VERSION = 3.0;
				TEST_TARGET_NAME = "Xcode Git Hackwitch";
			};
			name = Release;
		};
/* End XCBuildConfiguration section */

/* Begin XCConfigurationList section */
		ADC040951DF877790049084E /* Build configuration list for PBXProject "Xcode Git Hackwitch" */ = {
			isa = XCConfigurationList;
			buildConfigurations = (
				ADC040C01DF8777A0049084E /* Debug */,
				ADC040C11DF8777A0049084E /* Release */,
			);
			defaultConfigurationIsVisible = 0;
			defaultConfigurationName = Release;
		};
		ADC040C21DF8777A0049084E /* Build configuration list for PBXNativeTarget "Xcode Git Hackwitch" */ = {
			isa = XCConfigurationList;
			buildConfigurations = (
				ADC040C31DF8777A0049084E /* Debug */,
				ADC040C41DF8777A0049084E /* Release */,
			);
			defaultConfigurationIsVisible = 0;
		};
		ADC040C51DF8777A0049084E /* Build configuration list for PBXNativeTarget "Xcode Git HackwitchTests" */ = {
			isa = XCConfigurationList;
			buildConfigurations = (
				ADC040C61DF8777A0049084E /* Debug */,
				ADC040C71DF8777A0049084E /* Release */,
			);
			defaultConfigurationIsVisible = 0;
		};
		ADC040C81DF8777A0049084E /* Build configuration list for PBXNativeTarget "Xcode Git HackwitchUITests" */ = {
			isa = XCConfigurationList;
			buildConfigurations = (
				ADC040C91DF8777A0049084E /* Debug */,
				ADC040CA1DF8777A0049084E /* Release */,
			);
			defaultConfigurationIsVisible = 0;
		};
/* End XCConfigurationList section */
	};
	rootObject = ADC040921DF877790049084E /* Project object */;
}
